
Microsoft Visual Studio Solution File, Format Version 12.00
# Visual Studio Version 16
VisualStudioVersion = 16.0.33927.289
MinimumVisualStudioVersion = 10.0.40219.1
Project("{FAE04EC0-301F-11D3-BF4B-00C04F79EFBC}") = "Assignment_dotNet3", "Assignment_dotNet3\Assignment_dotNet3.csproj", "{7921433A-7CEE-42C7-9345-4950BAD92333}"
EndProject
Global
	GlobalSection(SolutionConfigurationPlatforms) = preSolution
		Debug|Any CPU = Debug|Any CPU
		Release|Any CPU = Release|Any CPU
	EndGlobalSection
	GlobalSection(ProjectConfigurationPlatforms) = postSolution
		{7921433A-7CEE-42C7-9345-4950BAD92333}.Debug|Any CPU.ActiveCfg = Debug|Any CPU
		{7921433A-7CEE-42C7-9345-4950BAD92333}.Debug|Any CPU.Build.0 = Debug|Any CPU
		{7921433A-7CEE-42C7-9345-4950BAD92333}.Release|Any CPU.ActiveCfg = Release|Any CPU
		{7921433A-7CEE-42C7-9345-4950BAD92333}.Release|Any CPU.Build.0 = Release|Any CPU
	EndGlobalSection
	GlobalSection(SolutionProperties) = preSolution
		HideSolutionNode = FALSE
	EndGlobalSection
	GlobalSection(ExtensibilityGlobals) = postSolution
		SolutionGuid = {6CF0D5AA-765D-444A-8B5F-1CB3A0C77FF0}
	EndGlobalSection
EndGlobal
