
Microsoft Visual Studio Solution File, Format Version 12.00
# Visual Studio Version 16
VisualStudioVersion = 16.0.34031.81
MinimumVisualStudioVersion = 10.0.40219.1
Project("{FAE04EC0-301F-11D3-BF4B-00C04F79EFBC}") = "GenericEmployeeTest4", "GenericEmployeeTest4\GenericEmployeeTest4.csproj", "{7C5E49A9-A2F3-46B3-AE5D-83B3C49266A5}"
EndProject
Global
	GlobalSection(SolutionConfigurationPlatforms) = preSolution
		Debug|Any CPU = Debug|Any CPU
		Release|Any CPU = Release|Any CPU
	EndGlobalSection
	GlobalSection(ProjectConfigurationPlatforms) = postSolution
		{7C5E49A9-A2F3-46B3-AE5D-83B3C49266A5}.Debug|Any CPU.ActiveCfg = Debug|Any CPU
		{7C5E49A9-A2F3-46B3-AE5D-83B3C49266A5}.Debug|Any CPU.Build.0 = Debug|Any CPU
		{7C5E49A9-A2F3-46B3-AE5D-83B3C49266A5}.Release|Any CPU.ActiveCfg = Release|Any CPU
		{7C5E49A9-A2F3-46B3-AE5D-83B3C49266A5}.Release|Any CPU.Build.0 = Release|Any CPU
	EndGlobalSection
	GlobalSection(SolutionProperties) = preSolution
		HideSolutionNode = FALSE
	EndGlobalSection
	GlobalSection(ExtensibilityGlobals) = postSolution
		SolutionGuid = {1188A55B-FD90-4677-A4D8-B59FFCFB1282}
	EndGlobalSection
EndGlobal
