
Microsoft Visual Studio Solution File, Format Version 12.00
# Visual Studio Version 16
VisualStudioVersion = 16.0.34114.132
MinimumVisualStudioVersion = 10.0.40219.1
Project("{FAE04EC0-301F-11D3-BF4B-00C04F79EFBC}") = "LinqToSqlAssignmentEf", "LinqToSqlAssignmentEf\LinqToSqlAssignmentEf.csproj", "{5FCAEC0A-142C-466B-98A3-B04585504F31}"
EndProject
Global
	GlobalSection(SolutionConfigurationPlatforms) = preSolution
		Debug|Any CPU = Debug|Any CPU
		Release|Any CPU = Release|Any CPU
	EndGlobalSection
	GlobalSection(ProjectConfigurationPlatforms) = postSolution
		{5FCAEC0A-142C-466B-98A3-B04585504F31}.Debug|Any CPU.ActiveCfg = Debug|Any CPU
		{5FCAEC0A-142C-466B-98A3-B04585504F31}.Debug|Any CPU.Build.0 = Debug|Any CPU
		{5FCAEC0A-142C-466B-98A3-B04585504F31}.Release|Any CPU.ActiveCfg = Release|Any CPU
		{5FCAEC0A-142C-466B-98A3-B04585504F31}.Release|Any CPU.Build.0 = Release|Any CPU
	EndGlobalSection
	GlobalSection(SolutionProperties) = preSolution
		HideSolutionNode = FALSE
	EndGlobalSection
	GlobalSection(ExtensibilityGlobals) = postSolution
		SolutionGuid = {EE23D0CB-1207-4628-9F22-35089D3EFD93}
	EndGlobalSection
EndGlobal
