
Microsoft Visual Studio Solution File, Format Version 12.00
# Visual Studio Version 16
VisualStudioVersion = 16.0.34031.81
MinimumVisualStudioVersion = 10.0.40219.1
Project("{FAE04EC0-301F-11D3-BF4B-00C04F79EFBC}") = "ConsoleApp1", "ConsoleApp1\ConsoleApp1.csproj", "{5AD72938-5CB6-42E7-ACC8-0B620C66B07C}"
EndProject
Global
	GlobalSection(SolutionConfigurationPlatforms) = preSolution
		Debug|Any CPU = Debug|Any CPU
		Release|Any CPU = Release|Any CPU
	EndGlobalSection
	GlobalSection(ProjectConfigurationPlatforms) = postSolution
		{5AD72938-5CB6-42E7-ACC8-0B620C66B07C}.Debug|Any CPU.ActiveCfg = Debug|Any CPU
		{5AD72938-5CB6-42E7-ACC8-0B620C66B07C}.Debug|Any CPU.Build.0 = Debug|Any CPU
		{5AD72938-5CB6-42E7-ACC8-0B620C66B07C}.Release|Any CPU.ActiveCfg = Release|Any CPU
		{5AD72938-5CB6-42E7-ACC8-0B620C66B07C}.Release|Any CPU.Build.0 = Release|Any CPU
	EndGlobalSection
	GlobalSection(SolutionProperties) = preSolution
		HideSolutionNode = FALSE
	EndGlobalSection
	GlobalSection(ExtensibilityGlobals) = postSolution
		SolutionGuid = {C7C9B7B8-9B3F-4A5A-A1F1-735E695F17D5}
	EndGlobalSection
EndGlobal
