
Microsoft Visual Studio Solution File, Format Version 12.00
# Visual Studio Version 16
VisualStudioVersion = 16.0.33927.289
MinimumVisualStudioVersion = 10.0.40219.1
Project("{FAE04EC0-301F-11D3-BF4B-00C04F79EFBC}") = "CodingTest2", "CodingTest2\CodingTest2.csproj", "{13EF8A77-B716-4A94-93B7-B58C0FAF5147}"
EndProject
Global
	GlobalSection(SolutionConfigurationPlatforms) = preSolution
		Debug|Any CPU = Debug|Any CPU
		Release|Any CPU = Release|Any CPU
	EndGlobalSection
	GlobalSection(ProjectConfigurationPlatforms) = postSolution
		{13EF8A77-B716-4A94-93B7-B58C0FAF5147}.Debug|Any CPU.ActiveCfg = Debug|Any CPU
		{13EF8A77-B716-4A94-93B7-B58C0FAF5147}.Debug|Any CPU.Build.0 = Debug|Any CPU
		{13EF8A77-B716-4A94-93B7-B58C0FAF5147}.Release|Any CPU.ActiveCfg = Release|Any CPU
		{13EF8A77-B716-4A94-93B7-B58C0FAF5147}.Release|Any CPU.Build.0 = Release|Any CPU
	EndGlobalSection
	GlobalSection(SolutionProperties) = preSolution
		HideSolutionNode = FALSE
	EndGlobalSection
	GlobalSection(ExtensibilityGlobals) = postSolution
		SolutionGuid = {F653C62F-6BE2-4204-B847-AF3860471DD1}
	EndGlobalSection
EndGlobal
