
Microsoft Visual Studio Solution File, Format Version 12.00
# Visual Studio Version 16
VisualStudioVersion = 16.0.34031.81
MinimumVisualStudioVersion = 10.0.40219.1
Project("{FAE04EC0-301F-11D3-BF4B-00C04F79EFBC}") = "LinqToSql", "LinqToSql\LinqToSql.csproj", "{2FE27C1A-096D-46B5-AAF1-4DBFB0C59AB3}"
EndProject
Global
	GlobalSection(SolutionConfigurationPlatforms) = preSolution
		Debug|Any CPU = Debug|Any CPU
		Release|Any CPU = Release|Any CPU
	EndGlobalSection
	GlobalSection(ProjectConfigurationPlatforms) = postSolution
		{2FE27C1A-096D-46B5-AAF1-4DBFB0C59AB3}.Debug|Any CPU.ActiveCfg = Debug|Any CPU
		{2FE27C1A-096D-46B5-AAF1-4DBFB0C59AB3}.Debug|Any CPU.Build.0 = Debug|Any CPU
		{2FE27C1A-096D-46B5-AAF1-4DBFB0C59AB3}.Release|Any CPU.ActiveCfg = Release|Any CPU
		{2FE27C1A-096D-46B5-AAF1-4DBFB0C59AB3}.Release|Any CPU.Build.0 = Release|Any CPU
	EndGlobalSection
	GlobalSection(SolutionProperties) = preSolution
		HideSolutionNode = FALSE
	EndGlobalSection
	GlobalSection(ExtensibilityGlobals) = postSolution
		SolutionGuid = {2B2D5D59-BE6E-477D-A12B-EE453CB7433F}
	EndGlobalSection
EndGlobal
